
Microsoft Visual Studio Solution File, Format Version 12.00
# Visual Studio 15
VisualStudioVersion = 15.0.27130.2027
MinimumVisualStudioVersion = 10.0.40219.1
Project("{FAE04EC0-301F-11D3-BF4B-00C04F79EFBC}") = "ObjectiveTesting", "ObjectiveTesting\ObjectiveTesting.csproj", "{EFE64B5D-932C-4205-B98F-96E484B488DC}"
EndProject
Global
	GlobalSection(SolutionConfigurationPlatforms) = preSolution
		Debug|Any CPU = Debug|Any CPU
		Release|Any CPU = Release|Any CPU
	EndGlobalSection
	GlobalSection(ProjectConfigurationPlatforms) = postSolution
		{EFE64B5D-932C-4205-B98F-96E484B488DC}.Debug|Any CPU.ActiveCfg = Debug|Any CPU
		{EFE64B5D-932C-4205-B98F-96E484B488DC}.Debug|Any CPU.Build.0 = Debug|Any CPU
		{EFE64B5D-932C-4205-B98F-96E484B488DC}.Release|Any CPU.ActiveCfg = Release|Any CPU
		{EFE64B5D-932C-4205-B98F-96E484B488DC}.Release|Any CPU.Build.0 = Release|Any CPU
	EndGlobalSection
	GlobalSection(SolutionProperties) = preSolution
		HideSolutionNode = FALSE
	EndGlobalSection
	GlobalSection(ExtensibilityGlobals) = postSolution
		SolutionGuid = {F8334A31-BF16-4E79-BB03-C4F1431E9B05}
	EndGlobalSection
EndGlobal
